<?xml version="1.0" encoding="utf-8"?>
<Project ToolsVersion="4.0" xmlns="http://schemas.microsoft.com/developer/msbuild/2003">
  <ItemGroup>
    <Filter Include="Framework">
      <UniqueIdentifier>{e8306c07-fa28-4da2-b518-1e0d3a78fe3d}</UniqueIdentifier>
    </Filter>
    <Filter Include="Framework\Zombie">
      <UniqueIdentifier>{b3b9635f-448b-40d9-a512-fd579caaf226}</UniqueIdentifier>
    </Filter>
    <Filter Include="Framework\PickUp">
      <UniqueIdentifier>{a4fdd512-abfc-4f73-aa7d-ba05d5aecf58}</UniqueIdentifier>
    </Filter>
    <Filter Include="Framework\Player">
      <UniqueIdentifier>{2859c0b4-6a20-411a-ba73-b3aecf1eb94f}</UniqueIdentifier>
    </Filter>
    <Filter Include="Framework\Utils">
      <UniqueIdentifier>{b9c5aa67-d8dc-49e7-b980-267001b78d44}</UniqueIdentifier>
    </Filter>
    <Filter Include="Framework\Wall">
      <UniqueIdentifier>{21c67c6a-c424-424b-8123-6f20c0f325f7}</UniqueIdentifier>
    </Filter>
    <Filter Include="Framework\Bullet">
      <UniqueIdentifier>{f91f0420-66dd-4d79-b8d7-7cf5af93895b}</UniqueIdentifier>
    </Filter>
    <Filter Include="Framework\Scene">
      <UniqueIdentifier>{5f8a7a2a-6d0a-49f1-bdbe-fe4106f7914e}</UniqueIdentifier>
    </Filter>
  </ItemGroup>
  <ItemGroup>
    <ClCompile Include="Zombie_Arena.cpp" />
    <ClCompile Include="Utils\InputMgr.cpp">
      <Filter>Framework\Utils</Filter>
    </ClCompile>
    <ClCompile Include="Utils\Utils.cpp">
      <Filter>Framework\Utils</Filter>
    </ClCompile>
    <ClCompile Include="Player\Player.cpp">
      <Filter>Framework\Player</Filter>
    </ClCompile>
    <ClCompile Include="Utils\TextureHolder.cpp">
      <Filter>Framework\Utils</Filter>
    </ClCompile>
    <ClCompile Include="Zombie\Zombie.cpp">
      <Filter>Framework\Zombie</Filter>
    </ClCompile>
    <ClCompile Include="Bullet\Bullet.cpp">
      <Filter>Framework\Bullet</Filter>
    </ClCompile>
    <ClCompile Include="Wall\Wall.cpp">
      <Filter>Framework\Wall</Filter>
    </ClCompile>
    <ClCompile Include="PickUp\PickUp.cpp">
      <Filter>Framework\PickUp</Filter>
    </ClCompile>
    <ClCompile Include="Utils\UIMgr.cpp">
      <Filter>Framework\Utils</Filter>
    </ClCompile>
    <ClCompile Include="Framework\Framework.cpp">
      <Filter>Framework</Filter>
    </ClCompile>
    <ClCompile Include="Scene\TitleScene.cpp">
      <Filter>Framework\Scene</Filter>
    </ClCompile>
    <ClCompile Include="Scene\Scene.cpp">
      <Filter>Framework\Scene</Filter>
    </ClCompile>
  </ItemGroup>
  <ItemGroup>
    <ClInclude Include="Utils\InputMgr.h">
      <Filter>Framework\Utils</Filter>
    </ClInclude>
    <ClInclude Include="Utils\Utils.h">
      <Filter>Framework\Utils</Filter>
    </ClInclude>
    <ClInclude Include="Player\Player.h">
      <Filter>Framework\Player</Filter>
    </ClInclude>
    <ClInclude Include="Utils\TextureHolder.h">
      <Filter>Framework\Utils</Filter>
    </ClInclude>
    <ClInclude Include="Zombie\Zombie.h">
      <Filter>Framework\Zombie</Filter>
    </ClInclude>
    <ClInclude Include="Bullet\Bullet.h">
      <Filter>Framework\Bullet</Filter>
    </ClInclude>
    <ClInclude Include="Wall\Wall.h">
      <Filter>Framework\Wall</Filter>
    </ClInclude>
    <ClInclude Include="PickUp\PickUp.h">
      <Filter>Framework\PickUp</Filter>
    </ClInclude>
    <ClInclude Include="Utils\UIMgr.h">
      <Filter>Framework\Utils</Filter>
    </ClInclude>
    <ClInclude Include="Framework\Framework.h">
      <Filter>Framework</Filter>
    </ClInclude>
    <ClInclude Include="Scene\Scene.h">
      <Filter>Framework\Scene</Filter>
    </ClInclude>
    <ClInclude Include="Scene\TitleScene.h">
      <Filter>Framework\Scene</Filter>
    </ClInclude>
  </ItemGroup>
</Project>